{
    "_readme": [
        "This file locks the dependencies of your project to a known state",
        "Read more about it at https://getcomposer.org/doc/01-basic-usage.md#installing-dependencies",
        "This file is @generated automatically"
    ],
    "content-hash": "0abca5e7ce5169420b6c79696670dfb3",
    "packages": [
        {
            "name": "pear/console_getopt",
            "version": "v1.4.3",
            "source": {
                "type": "git",
                "url": "https://github.com/pear/Console_Getopt.git",
                "reference": "a41f8d3e668987609178c7c4a9fe48fecac53fa0"
            },
            "dist": {
                "type": "zip",
                "url": "https://api.github.com/repos/pear/Console_Getopt/zipball/a41f8d3e668987609178c7c4a9fe48fecac53fa0",
                "reference": "a41f8d3e668987609178c7c4a9fe48fecac53fa0",
                "shasum": ""
            },
            "type": "library",
            "autoload": {
                "psr-0": {
                    "Console": "./"
                }
            },
            "notification-url": "https://packagist.org/downloads/",
            "include-path": [
                "./"
            ],
            "license": [
                "BSD-2-Clause"
            ],
            "authors": [
                {
                    "name": "Andrei Zmievski",
                    "email": "andrei@php.net",
                    "role": "Lead"
                },
                {
                    "name": "Stig Bakken",
                    "email": "stig@php.net",
                    "role": "Developer"
                },
                {
                    "name": "Greg Beaver",
                    "email": "cellog@php.net",
                    "role": "Helper"
                }
            ],
            "description": "More info available on: http://pear.php.net/package/Console_Getopt",
            "support": {
                "issues": "http://pear.php.net/bugs/search.php?cmd=display&package_name[]=Console_Getopt",
                "source": "https://github.com/pear/Console_Getopt"
            },
            "time": "2019-11-20T18:27:48+00:00"
        },
        {
            "name": "pear/file_archive",
            "version": "dev-master",
            "source": {
                "type": "git",
                "url": "https://github.com/pear/File_Archive.git",
                "reference": "95fafec3ec1e683d622be0170561a0b7dda402a3"
            },
            "dist": {
                "type": "zip",
                "url": "https://api.github.com/repos/pear/File_Archive/zipball/95fafec3ec1e683d622be0170561a0b7dda402a3",
                "reference": "95fafec3ec1e683d622be0170561a0b7dda402a3",
                "shasum": ""
            },
            "require": {
                "pear/mime_type": "*",
                "pear/pear_exception": "*"
            },
            "require-dev": {
                "phpunit/phpunit": "*"
            },
            "suggest": {
                "pear/mail_mime": "Install optionally via your project's composer.json"
            },
            "default-branch": true,
            "type": "library",
            "autoload": {
                "psr-0": {
                    "File": "./"
                }
            },
            "include-path": [
                "./"
            ],
            "license": [
                "LGPL"
            ],
            "authors": [
                {
                    "email": "vincent.lascaux@centraliens.net",
                    "name": "Vincent Lascaux",
                    "role": "Lead"
                },
                {
                    "email": "charles.fmj@gmail.com",
                    "name": "Charles Brunet",
                    "role": "Lead"
                },
                {
                    "email": "pablo@pablo.com.mx",
                    "name": "Pablo Fischer",
                    "role": "Developer"
                }
            ],
            "description": "More info available on: http://pear.php.net/package/File_Archive",
            "support": {
                "issues": "http://pear.php.net/bugs/search.php?cmd=display&package_name[]=File_Archive",
                "source": "https://github.com/pear/File_Archive"
            },
            "time": "2014-02-20T19:26:42+00:00"
        },
        {
            "name": "pear/mime_type",
            "version": "dev-master",
            "source": {
                "type": "git",
                "url": "https://github.com/pear/MIME_Type.git",
                "reference": "395fd154e486327120c9f8f915bfbde15bf07dc1"
            },
            "dist": {
                "type": "zip",
                "url": "https://api.github.com/repos/pear/MIME_Type/zipball/395fd154e486327120c9f8f915bfbde15bf07dc1",
                "reference": "395fd154e486327120c9f8f915bfbde15bf07dc1",
                "shasum": ""
            },
            "require": {
                "pear/pear-core-minimal": "^1.9.5"
            },
            "require-dev": {
                "phpunit/phpunit": "*"
            },
            "suggest": {
                "pear/system_command": "Install optionally via your project's composer.json"
            },
            "default-branch": true,
            "type": "library",
            "autoload": {
                "psr-0": {
                    "MIME": "./"
                }
            },
            "notification-url": "https://packagist.org/downloads/",
            "include-path": [
                "./"
            ],
            "license": [
                "LGPL-2.1-or-later"
            ],
            "authors": [
                {
                    "name": "Ian Eure",
                    "email": "ieure@php.net",
                    "role": "Lead"
                },
                {
                    "name": "Christian Weiske",
                    "email": "cweiske@php.net",
                    "role": "Developer"
                }
            ],
            "description": "Detect the MIME Type of a file",
            "homepage": "http://pear.php.net/package/MIME_Type",
            "support": {
                "issues": "http://pear.php.net/bugs/search.php?cmd=display&package_name[]=MIME_Type",
                "source": "https://github.com/pear/MIME_Type"
            },
            "time": "2018-01-30T22:07:30+00:00"
        },
        {
            "name": "pear/pear-core-minimal",
            "version": "v1.10.16",
            "source": {
                "type": "git",
                "url": "https://github.com/pear/pear-core-minimal.git",
                "reference": "c0f51b45f50683bf5bbf558036854ebc9b54d033"
            },
            "dist": {
                "type": "zip",
                "url": "https://api.github.com/repos/pear/pear-core-minimal/zipball/c0f51b45f50683bf5bbf558036854ebc9b54d033",
                "reference": "c0f51b45f50683bf5bbf558036854ebc9b54d033",
                "shasum": ""
            },
            "require": {
                "pear/console_getopt": "~1.4",
                "pear/pear_exception": "~1.0",
                "php": ">=5.4"
            },
            "replace": {
                "rsky/pear-core-min": "self.version"
            },
            "type": "library",
            "autoload": {
                "classmap": [
                    "src/"
                ]
            },
            "notification-url": "https://packagist.org/downloads/",
            "include-path": [
                "src/"
            ],
            "license": [
                "BSD-3-Clause"
            ],
            "authors": [
                {
                    "name": "Christian Weiske",
                    "email": "cweiske@php.net",
                    "role": "Lead"
                }
            ],
            "description": "Minimal set of PEAR core files to be used as composer dependency",
            "support": {
                "issues": "http://pear.php.net/bugs/search.php?cmd=display&package_name[]=PEAR",
                "source": "https://github.com/pear/pear-core-minimal"
            },
            "time": "2024-11-24T22:27:58+00:00"
        },
        {
            "name": "pear/pear_exception",
            "version": "dev-master",
            "source": {
                "type": "git",
                "url": "https://github.com/pear/PEAR_Exception.git",
                "reference": "645d1af08bdd9a6b9bb6d3b81eb8e235ca84d1d1"
            },
            "dist": {
                "type": "zip",
                "url": "https://api.github.com/repos/pear/PEAR_Exception/zipball/645d1af08bdd9a6b9bb6d3b81eb8e235ca84d1d1",
                "reference": "645d1af08bdd9a6b9bb6d3b81eb8e235ca84d1d1",
                "shasum": ""
            },
            "require": {
                "php": ">=5.2.0"
            },
            "require-dev": {
                "phpunit/phpunit": "<9"
            },
            "default-branch": true,
            "type": "class",
            "extra": {
                "branch-alias": {
                    "dev-master": "1.0.x-dev"
                }
            },
            "autoload": {
                "classmap": [
                    "PEAR/"
                ]
            },
            "notification-url": "https://packagist.org/downloads/",
            "include-path": [
                "."
            ],
            "license": [
                "BSD-2-Clause"
            ],
            "authors": [
                {
                    "name": "Helgi Thormar",
                    "email": "dufuz@php.net"
                },
                {
                    "name": "Greg Beaver",
                    "email": "cellog@php.net"
                }
            ],
            "description": "The PEAR Exception base class.",
            "homepage": "https://github.com/pear/PEAR_Exception",
            "keywords": [
                "exception"
            ],
            "support": {
                "issues": "https://pear.php.net/bugs/search.php?cmd=display&package_name%5B%5D=PEAR_Exception",
                "source": "https://github.com/pear/PEAR_Exception"
            },
            "time": "2024-11-24T18:10:39+00:00"
        },
        {
            "name": "php5friends/polyfill-create_function",
            "version": "dev-master",
            "source": {
                "type": "git",
                "url": "https://github.com/php5friends/polyfill-create_function.git",
                "reference": "8ce0726a4ca334f37f57154a2b6d112352239c4a"
            },
            "dist": {
                "type": "zip",
                "url": "https://api.github.com/repos/php5friends/polyfill-create_function/zipball/8ce0726a4ca334f37f57154a2b6d112352239c4a",
                "reference": "8ce0726a4ca334f37f57154a2b6d112352239c4a",
                "shasum": ""
            },
            "require": {
                "php": ">=5.3.0"
            },
            "default-branch": true,
            "type": "library",
            "autoload": {
                "files": [
                    "create_function.php"
                ]
            },
            "notification-url": "https://packagist.org/downloads/",
            "license": [
                "FSFAP"
            ],
            "description": "Polyfill of create_function()",
            "support": {
                "issues": "https://github.com/php5friends/polyfill-create_function/issues",
                "source": "https://github.com/php5friends/polyfill-create_function/tree/0.0.4"
            },
            "time": "2020-12-09T21:26:57+00:00"
        },
        {
            "name": "tecnickcom/tcpdf",
            "version": "6.7.7",
            "source": {
                "type": "git",
                "url": "https://github.com/tecnickcom/TCPDF.git",
                "reference": "cfbc0028cc23f057f2baf9e73bdc238153c22086"
            },
            "dist": {
                "type": "zip",
                "url": "https://api.github.com/repos/tecnickcom/TCPDF/zipball/cfbc0028cc23f057f2baf9e73bdc238153c22086",
                "reference": "cfbc0028cc23f057f2baf9e73bdc238153c22086",
                "shasum": ""
            },
            "require": {
                "php": ">=5.5.0"
            },
            "type": "library",
            "autoload": {
                "classmap": [
                    "config",
                    "include",
                    "tcpdf.php",
                    "tcpdf_parser.php",
                    "tcpdf_import.php",
                    "tcpdf_barcodes_1d.php",
                    "tcpdf_barcodes_2d.php",
                    "include/tcpdf_colors.php",
                    "include/tcpdf_filters.php",
                    "include/tcpdf_font_data.php",
                    "include/tcpdf_fonts.php",
                    "include/tcpdf_images.php",
                    "include/tcpdf_static.php",
                    "include/barcodes/datamatrix.php",
                    "include/barcodes/pdf417.php",
                    "include/barcodes/qrcode.php"
                ]
            },
            "notification-url": "https://packagist.org/downloads/",
            "license": [
                "LGPL-3.0-or-later"
            ],
            "authors": [
                {
                    "name": "Nicola Asuni",
                    "email": "info@tecnick.com",
                    "role": "lead"
                }
            ],
            "description": "TCPDF is a PHP class for generating PDF documents and barcodes.",
            "homepage": "http://www.tcpdf.org/",
            "keywords": [
                "PDFD32000-2008",
                "TCPDF",
                "barcodes",
                "datamatrix",
                "pdf",
                "pdf417",
                "qrcode"
            ],
            "support": {
                "issues": "https://github.com/tecnickcom/TCPDF/issues",
                "source": "https://github.com/tecnickcom/TCPDF/tree/6.7.7"
            },
            "funding": [
                {
                    "url": "https://www.paypal.com/cgi-bin/webscr?cmd=_donations&currency_code=GBP&business=paypal@tecnick.com&item_name=donation%20for%20tcpdf%20project",
                    "type": "custom"
                }
            ],
            "time": "2024-10-26T12:15:02+00:00"
        }
    ],
    "packages-dev": [
        {
            "name": "dealerdirect/phpcodesniffer-composer-installer",
            "version": "v1.0.0",
            "source": {
                "type": "git",
                "url": "https://github.com/PHPCSStandards/composer-installer.git",
                "reference": "4be43904336affa5c2f70744a348312336afd0da"
            },
            "dist": {
                "type": "zip",
                "url": "https://api.github.com/repos/PHPCSStandards/composer-installer/zipball/4be43904336affa5c2f70744a348312336afd0da",
                "reference": "4be43904336affa5c2f70744a348312336afd0da",
                "shasum": ""
            },
            "require": {
                "composer-plugin-api": "^1.0 || ^2.0",
                "php": ">=5.4",
                "squizlabs/php_codesniffer": "^2.0 || ^3.1.0 || ^4.0"
            },
            "require-dev": {
                "composer/composer": "*",
                "ext-json": "*",
                "ext-zip": "*",
                "php-parallel-lint/php-parallel-lint": "^1.3.1",
                "phpcompatibility/php-compatibility": "^9.0",
                "yoast/phpunit-polyfills": "^1.0"
            },
            "type": "composer-plugin",
            "extra": {
                "class": "PHPCSStandards\\Composer\\Plugin\\Installers\\PHPCodeSniffer\\Plugin"
            },
            "autoload": {
                "psr-4": {
                    "PHPCSStandards\\Composer\\Plugin\\Installers\\PHPCodeSniffer\\": "src/"
                }
            },
            "notification-url": "https://packagist.org/downloads/",
            "license": [
                "MIT"
            ],
            "authors": [
                {
                    "name": "Franck Nijhof",
                    "email": "franck.nijhof@dealerdirect.com",
                    "homepage": "http://www.frenck.nl",
                    "role": "Developer / IT Manager"
                },
                {
                    "name": "Contributors",
                    "homepage": "https://github.com/PHPCSStandards/composer-installer/graphs/contributors"
                }
            ],
            "description": "PHP_CodeSniffer Standards Composer Installer Plugin",
            "homepage": "http://www.dealerdirect.com",
            "keywords": [
                "PHPCodeSniffer",
                "PHP_CodeSniffer",
                "code quality",
                "codesniffer",
                "composer",
                "installer",
                "phpcbf",
                "phpcs",
                "plugin",
                "qa",
                "quality",
                "standard",
                "standards",
                "style guide",
                "stylecheck",
                "tests"
            ],
            "support": {
                "issues": "https://github.com/PHPCSStandards/composer-installer/issues",
                "source": "https://github.com/PHPCSStandards/composer-installer"
            },
            "time": "2023-01-05T11:28:13+00:00"
        },
        {
            "name": "php-parallel-lint/php-parallel-lint",
            "version": "dev-develop",
            "source": {
                "type": "git",
                "url": "https://github.com/php-parallel-lint/PHP-Parallel-Lint.git",
                "reference": "adc351fa7c019b8d931b47923101596caa018a14"
            },
            "dist": {
                "type": "zip",
                "url": "https://api.github.com/repos/php-parallel-lint/PHP-Parallel-Lint/zipball/adc351fa7c019b8d931b47923101596caa018a14",
                "reference": "adc351fa7c019b8d931b47923101596caa018a14",
                "shasum": ""
            },
            "require": {
                "ext-json": "*",
                "php": ">=5.3.0"
            },
            "replace": {
                "grogy/php-parallel-lint": "*",
                "jakub-onderka/php-parallel-lint": "*"
            },
            "require-dev": {
                "php-parallel-lint/php-code-style": "^2.0",
                "php-parallel-lint/php-console-highlighter": "0.* || ^1.0",
                "phpunit/phpunit": "^4.8.36 || ^5.7.21 || ^6.0 || ^7.0 || ^8.0 || ^9.0 || ^10.1"
            },
            "suggest": {
                "php-parallel-lint/php-console-highlighter": "Highlight syntax in code snippet"
            },
            "default-branch": true,
            "bin": [
                "parallel-lint"
            ],
            "type": "library",
            "autoload": {
                "psr-4": {
                    "PHP_Parallel_Lint\\PhpParallelLint\\": "src/"
                }
            },
            "notification-url": "https://packagist.org/downloads/",
            "license": [
                "BSD-2-Clause"
            ],
            "authors": [
                {
                    "name": "Jakub Onderka",
                    "email": "ahoj@jakubonderka.cz"
                },
                {
                    "name": "Contributors",
                    "homepage": "https://github.com/php-parallel-lint/PHP-Parallel-Lint/graphs/contributors"
                }
            ],
            "description": "This tool checks the syntax of PHP files about 20x faster than serial check.",
            "homepage": "https://github.com/php-parallel-lint/PHP-Parallel-Lint",
            "keywords": [
                "lint",
                "static analysis"
            ],
            "support": {
                "issues": "https://github.com/php-parallel-lint/PHP-Parallel-Lint/issues",
                "source": "https://github.com/php-parallel-lint/PHP-Parallel-Lint/tree/develop"
            },
            "time": "2024-11-23T12:13:14+00:00"
        },
        {
            "name": "phpcompatibility/php-compatibility",
            "version": "9.3.5",
            "source": {
                "type": "git",
                "url": "https://github.com/PHPCompatibility/PHPCompatibility.git",
                "reference": "9fb324479acf6f39452e0655d2429cc0d3914243"
            },
            "dist": {
                "type": "zip",
                "url": "https://api.github.com/repos/PHPCompatibility/PHPCompatibility/zipball/9fb324479acf6f39452e0655d2429cc0d3914243",
                "reference": "9fb324479acf6f39452e0655d2429cc0d3914243",
                "shasum": ""
            },
            "require": {
                "php": ">=5.3",
                "squizlabs/php_codesniffer": "^2.3 || ^3.0.2"
            },
            "conflict": {
                "squizlabs/php_codesniffer": "2.6.2"
            },
            "require-dev": {
                "phpunit/phpunit": "~4.5 || ^5.0 || ^6.0 || ^7.0"
            },
            "suggest": {
                "dealerdirect/phpcodesniffer-composer-installer": "^0.5 || This Composer plugin will sort out the PHPCS 'installed_paths' automatically.",
                "roave/security-advisories": "dev-master || Helps prevent installing dependencies with known security issues."
            },
            "type": "phpcodesniffer-standard",
            "notification-url": "https://packagist.org/downloads/",
            "license": [
                "LGPL-3.0-or-later"
            ],
            "authors": [
                {
                    "name": "Wim Godden",
                    "homepage": "https://github.com/wimg",
                    "role": "lead"
                },
                {
                    "name": "Juliette Reinders Folmer",
                    "homepage": "https://github.com/jrfnl",
                    "role": "lead"
                },
                {
                    "name": "Contributors",
                    "homepage": "https://github.com/PHPCompatibility/PHPCompatibility/graphs/contributors"
                }
            ],
            "description": "A set of sniffs for PHP_CodeSniffer that checks for PHP cross-version compatibility.",
            "homepage": "http://techblog.wimgodden.be/tag/codesniffer/",
            "keywords": [
                "compatibility",
                "phpcs",
                "standards"
            ],
            "support": {
                "issues": "https://github.com/PHPCompatibility/PHPCompatibility/issues",
                "source": "https://github.com/PHPCompatibility/PHPCompatibility"
            },
            "time": "2019-12-27T09:44:58+00:00"
        },
        {
            "name": "phpcompatibility/phpcompatibility-paragonie",
            "version": "1.3.3",
            "source": {
                "type": "git",
                "url": "https://github.com/PHPCompatibility/PHPCompatibilityParagonie.git",
                "reference": "293975b465e0e709b571cbf0c957c6c0a7b9a2ac"
            },
            "dist": {
                "type": "zip",
                "url": "https://api.github.com/repos/PHPCompatibility/PHPCompatibilityParagonie/zipball/293975b465e0e709b571cbf0c957c6c0a7b9a2ac",
                "reference": "293975b465e0e709b571cbf0c957c6c0a7b9a2ac",
                "shasum": ""
            },
            "require": {
                "phpcompatibility/php-compatibility": "^9.0"
            },
            "require-dev": {
                "dealerdirect/phpcodesniffer-composer-installer": "^1.0",
                "paragonie/random_compat": "dev-master",
                "paragonie/sodium_compat": "dev-master"
            },
            "suggest": {
                "dealerdirect/phpcodesniffer-composer-installer": "^1.0 || This Composer plugin will sort out the PHP_CodeSniffer 'installed_paths' automatically.",
                "roave/security-advisories": "dev-master || Helps prevent installing dependencies with known security issues."
            },
            "type": "phpcodesniffer-standard",
            "notification-url": "https://packagist.org/downloads/",
            "license": [
                "LGPL-3.0-or-later"
            ],
            "authors": [
                {
                    "name": "Wim Godden",
                    "role": "lead"
                },
                {
                    "name": "Juliette Reinders Folmer",
                    "role": "lead"
                }
            ],
            "description": "A set of rulesets for PHP_CodeSniffer to check for PHP cross-version compatibility issues in projects, while accounting for polyfills provided by the Paragonie polyfill libraries.",
            "homepage": "http://phpcompatibility.com/",
            "keywords": [
                "compatibility",
                "paragonie",
                "phpcs",
                "polyfill",
                "standards",
                "static analysis"
            ],
            "support": {
                "issues": "https://github.com/PHPCompatibility/PHPCompatibilityParagonie/issues",
                "security": "https://github.com/PHPCompatibility/PHPCompatibilityParagonie/security/policy",
                "source": "https://github.com/PHPCompatibility/PHPCompatibilityParagonie"
            },
            "funding": [
                {
                    "url": "https://github.com/PHPCompatibility",
                    "type": "github"
                },
                {
                    "url": "https://github.com/jrfnl",
                    "type": "github"
                },
                {
                    "url": "https://opencollective.com/php_codesniffer",
                    "type": "open_collective"
                }
            ],
            "time": "2024-04-24T21:30:46+00:00"
        },
        {
            "name": "phpcompatibility/phpcompatibility-wp",
            "version": "dev-master",
            "source": {
                "type": "git",
                "url": "https://github.com/PHPCompatibility/PHPCompatibilityWP.git",
                "reference": "fd4181347ee2b93e6e581acb48f8c271b763a738"
            },
            "dist": {
                "type": "zip",
                "url": "https://api.github.com/repos/PHPCompatibility/PHPCompatibilityWP/zipball/fd4181347ee2b93e6e581acb48f8c271b763a738",
                "reference": "fd4181347ee2b93e6e581acb48f8c271b763a738",
                "shasum": ""
            },
            "require": {
                "phpcompatibility/php-compatibility": "^9.0",
                "phpcompatibility/phpcompatibility-paragonie": "^1.0"
            },
            "require-dev": {
                "dealerdirect/phpcodesniffer-composer-installer": "^1.0"
            },
            "suggest": {
                "dealerdirect/phpcodesniffer-composer-installer": "^1.0 || This Composer plugin will sort out the PHP_CodeSniffer 'installed_paths' automatically.",
                "roave/security-advisories": "dev-master || Helps prevent installing dependencies with known security issues."
            },
            "default-branch": true,
            "type": "phpcodesniffer-standard",
            "notification-url": "https://packagist.org/downloads/",
            "license": [
                "LGPL-3.0-or-later"
            ],
            "authors": [
                {
                    "name": "Wim Godden",
                    "role": "lead"
                },
                {
                    "name": "Juliette Reinders Folmer",
                    "role": "lead"
                }
            ],
            "description": "A ruleset for PHP_CodeSniffer to check for PHP cross-version compatibility issues in projects, while accounting for polyfills provided by WordPress.",
            "homepage": "http://phpcompatibility.com/",
            "keywords": [
                "compatibility",
                "phpcs",
                "standards",
                "static analysis",
                "wordpress"
            ],
            "support": {
                "issues": "https://github.com/PHPCompatibility/PHPCompatibilityWP/issues",
                "security": "https://github.com/PHPCompatibility/PHPCompatibilityWP/security/policy",
                "source": "https://github.com/PHPCompatibility/PHPCompatibilityWP"
            },
            "funding": [
                {
                    "url": "https://github.com/PHPCompatibility",
                    "type": "github"
                },
                {
                    "url": "https://github.com/jrfnl",
                    "type": "github"
                },
                {
                    "url": "https://opencollective.com/php_codesniffer",
                    "type": "open_collective"
                }
            ],
            "time": "2024-10-16T19:34:28+00:00"
        },
        {
            "name": "phpcsstandards/phpcsextra",
            "version": "dev-develop",
            "source": {
                "type": "git",
                "url": "https://github.com/PHPCSStandards/PHPCSExtra.git",
                "reference": "31ef149a1ee85ec0d355e58418d78d927e89d185"
            },
            "dist": {
                "type": "zip",
                "url": "https://api.github.com/repos/PHPCSStandards/PHPCSExtra/zipball/31ef149a1ee85ec0d355e58418d78d927e89d185",
                "reference": "31ef149a1ee85ec0d355e58418d78d927e89d185",
                "shasum": ""
            },
            "require": {
                "php": ">=5.4",
                "phpcsstandards/phpcsutils": "^1.0.9",
                "squizlabs/php_codesniffer": "^3.8.0"
            },
            "require-dev": {
                "php-parallel-lint/php-console-highlighter": "^1.0",
                "php-parallel-lint/php-parallel-lint": "^1.3.2",
                "phpcsstandards/phpcsdevcs": "^1.1.6",
                "phpcsstandards/phpcsdevtools": "^1.2.1",
                "phpunit/phpunit": "^4.5 || ^5.0 || ^6.0 || ^7.0 || ^8.0 || ^9.0"
            },
            "default-branch": true,
            "type": "phpcodesniffer-standard",
            "extra": {
                "branch-alias": {
                    "dev-stable": "1.x-dev",
                    "dev-develop": "1.x-dev"
                }
            },
            "notification-url": "https://packagist.org/downloads/",
            "license": [
                "LGPL-3.0-or-later"
            ],
            "authors": [
                {
                    "name": "Juliette Reinders Folmer",
                    "homepage": "https://github.com/jrfnl",
                    "role": "lead"
                },
                {
                    "name": "Contributors",
                    "homepage": "https://github.com/PHPCSStandards/PHPCSExtra/graphs/contributors"
                }
            ],
            "description": "A collection of sniffs and standards for use with PHP_CodeSniffer.",
            "keywords": [
                "PHP_CodeSniffer",
                "phpcbf",
                "phpcodesniffer-standard",
                "phpcs",
                "standards",
                "static analysis"
            ],
            "support": {
                "issues": "https://github.com/PHPCSStandards/PHPCSExtra/issues",
                "security": "https://github.com/PHPCSStandards/PHPCSExtra/security/policy",
                "source": "https://github.com/PHPCSStandards/PHPCSExtra"
            },
            "funding": [
                {
                    "url": "https://github.com/PHPCSStandards",
                    "type": "github"
                },
                {
                    "url": "https://github.com/jrfnl",
                    "type": "github"
                },
                {
                    "url": "https://opencollective.com/php_codesniffer",
                    "type": "open_collective"
                }
            ],
            "time": "2024-11-11T18:03:33+00:00"
        },
        {
            "name": "phpcsstandards/phpcsutils",
            "version": "dev-develop",
            "source": {
                "type": "git",
                "url": "https://github.com/PHPCSStandards/PHPCSUtils.git",
                "reference": "9b2671b7342d2c8ad8ec78c8bdac45958d9de065"
            },
            "dist": {
                "type": "zip",
                "url": "https://api.github.com/repos/PHPCSStandards/PHPCSUtils/zipball/9b2671b7342d2c8ad8ec78c8bdac45958d9de065",
                "reference": "9b2671b7342d2c8ad8ec78c8bdac45958d9de065",
                "shasum": ""
            },
            "require": {
                "dealerdirect/phpcodesniffer-composer-installer": "^0.4.1 || ^0.5 || ^0.6.2 || ^0.7 || ^1.0",
                "php": ">=5.4",
                "squizlabs/php_codesniffer": "^3.10.1 || 4.0.x-dev@dev"
            },
            "require-dev": {
                "ext-filter": "*",
                "php-parallel-lint/php-console-highlighter": "^1.0",
                "php-parallel-lint/php-parallel-lint": "^1.3.2",
                "phpcsstandards/phpcsdevcs": "^1.1.6",
                "yoast/phpunit-polyfills": "^1.1.0 || ^2.0.0 || ^3.0.0"
            },
            "default-branch": true,
            "type": "phpcodesniffer-standard",
            "extra": {
                "branch-alias": {
                    "dev-stable": "1.x-dev",
                    "dev-develop": "1.x-dev"
                }
            },
            "autoload": {
                "classmap": [
                    "PHPCSUtils/"
                ]
            },
            "notification-url": "https://packagist.org/downloads/",
            "license": [
                "LGPL-3.0-or-later"
            ],
            "authors": [
                {
                    "name": "Juliette Reinders Folmer",
                    "homepage": "https://github.com/jrfnl",
                    "role": "lead"
                },
                {
                    "name": "Contributors",
                    "homepage": "https://github.com/PHPCSStandards/PHPCSUtils/graphs/contributors"
                }
            ],
            "description": "A suite of utility functions for use with PHP_CodeSniffer",
            "homepage": "https://phpcsutils.com/",
            "keywords": [
                "PHP_CodeSniffer",
                "phpcbf",
                "phpcodesniffer-standard",
                "phpcs",
                "phpcs3",
                "standards",
                "static analysis",
                "tokens",
                "utility"
            ],
            "support": {
                "docs": "https://phpcsutils.com/",
                "issues": "https://github.com/PHPCSStandards/PHPCSUtils/issues",
                "security": "https://github.com/PHPCSStandards/PHPCSUtils/security/policy",
                "source": "https://github.com/PHPCSStandards/PHPCSUtils"
            },
            "funding": [
                {
                    "url": "https://github.com/PHPCSStandards",
                    "type": "github"
                },
                {
                    "url": "https://github.com/jrfnl",
                    "type": "github"
                },
                {
                    "url": "https://opencollective.com/php_codesniffer",
                    "type": "open_collective"
                }
            ],
            "time": "2024-11-17T04:37:55+00:00"
        },
        {
            "name": "squizlabs/php_codesniffer",
            "version": "dev-master",
            "source": {
                "type": "git",
                "url": "https://github.com/PHPCSStandards/PHP_CodeSniffer.git",
                "reference": "0d969c927165b61ae7c211a047652aa36a481328"
            },
            "dist": {
                "type": "zip",
                "url": "https://api.github.com/repos/PHPCSStandards/PHP_CodeSniffer/zipball/0d969c927165b61ae7c211a047652aa36a481328",
                "reference": "0d969c927165b61ae7c211a047652aa36a481328",
                "shasum": ""
            },
            "require": {
                "ext-simplexml": "*",
                "ext-tokenizer": "*",
                "ext-xmlwriter": "*",
                "php": ">=5.4.0"
            },
            "require-dev": {
                "phpunit/phpunit": "^4.0 || ^5.0 || ^6.0 || ^7.0 || ^8.0 || ^9.3.4"
            },
            "default-branch": true,
            "bin": [
                "bin/phpcbf",
                "bin/phpcs"
            ],
            "type": "library",
            "extra": {
                "branch-alias": {
                    "dev-master": "3.x-dev"
                }
            },
            "notification-url": "https://packagist.org/downloads/",
            "license": [
                "BSD-3-Clause"
            ],
            "authors": [
                {
                    "name": "Greg Sherwood",
                    "role": "Former lead"
                },
                {
                    "name": "Juliette Reinders Folmer",
                    "role": "Current lead"
                },
                {
                    "name": "Contributors",
                    "homepage": "https://github.com/PHPCSStandards/PHP_CodeSniffer/graphs/contributors"
                }
            ],
            "description": "PHP_CodeSniffer tokenizes PHP, JavaScript and CSS files and detects violations of a defined set of coding standards.",
            "homepage": "https://github.com/PHPCSStandards/PHP_CodeSniffer",
            "keywords": [
                "phpcs",
                "standards",
                "static analysis"
            ],
            "support": {
                "issues": "https://github.com/PHPCSStandards/PHP_CodeSniffer/issues",
                "security": "https://github.com/PHPCSStandards/PHP_CodeSniffer/security/policy",
                "source": "https://github.com/PHPCSStandards/PHP_CodeSniffer",
                "wiki": "https://github.com/PHPCSStandards/PHP_CodeSniffer/wiki"
            },
            "funding": [
                {
                    "url": "https://github.com/PHPCSStandards",
                    "type": "github"
                },
                {
                    "url": "https://github.com/jrfnl",
                    "type": "github"
                },
                {
                    "url": "https://opencollective.com/php_codesniffer",
                    "type": "open_collective"
                }
            ],
            "time": "2024-12-07T11:28:44+00:00"
        },
        {
            "name": "wp-coding-standards/wpcs",
            "version": "dev-develop",
            "source": {
                "type": "git",
                "url": "https://github.com/WordPress/WordPress-Coding-Standards.git",
                "reference": "9f9726a01a886b3dcced5327390470a56314aa56"
            },
            "dist": {
                "type": "zip",
                "url": "https://api.github.com/repos/WordPress/WordPress-Coding-Standards/zipball/9f9726a01a886b3dcced5327390470a56314aa56",
                "reference": "9f9726a01a886b3dcced5327390470a56314aa56",
                "shasum": ""
            },
            "require": {
                "ext-filter": "*",
                "ext-libxml": "*",
                "ext-tokenizer": "*",
                "ext-xmlreader": "*",
                "php": ">=5.4",
                "phpcsstandards/phpcsextra": "^1.2.1",
                "phpcsstandards/phpcsutils": "^1.0.10",
                "squizlabs/php_codesniffer": "^3.9.0"
            },
            "require-dev": {
                "php-parallel-lint/php-console-highlighter": "^1.0.0",
                "php-parallel-lint/php-parallel-lint": "^1.3.2",
                "phpcompatibility/php-compatibility": "^9.0",
                "phpcsstandards/phpcsdevtools": "^1.2.0",
                "phpunit/phpunit": "^4.0 || ^5.0 || ^6.0 || ^7.0 || ^8.0 || ^9.0"
            },
            "suggest": {
                "ext-iconv": "For improved results",
                "ext-mbstring": "For improved results"
            },
            "default-branch": true,
            "type": "phpcodesniffer-standard",
            "notification-url": "https://packagist.org/downloads/",
            "license": [
                "MIT"
            ],
            "authors": [
                {
                    "name": "Contributors",
                    "homepage": "https://github.com/WordPress/WordPress-Coding-Standards/graphs/contributors"
                }
            ],
            "description": "PHP_CodeSniffer rules (sniffs) to enforce WordPress coding conventions",
            "keywords": [
                "phpcs",
                "standards",
                "static analysis",
                "wordpress"
            ],
            "support": {
                "issues": "https://github.com/WordPress/WordPress-Coding-Standards/issues",
                "source": "https://github.com/WordPress/WordPress-Coding-Standards",
                "wiki": "https://github.com/WordPress/WordPress-Coding-Standards/wiki"
            },
            "funding": [
                {
                    "url": "https://opencollective.com/php_codesniffer",
                    "type": "custom"
                }
            ],
            "time": "2024-12-02T08:21:11+00:00"
        }
    ],
    "aliases": [],
    "minimum-stability": "dev",
    "stability-flags": {
        "pear/file_archive": 20,
        "php5friends/polyfill-create_function": 20,
        "wp-coding-standards/wpcs": 20
    },
    "prefer-stable": false,
    "prefer-lowest": false,
    "platform": [],
    "platform-dev": [],
    "plugin-api-version": "2.6.0"
}
